
Microsoft Visual Studio Solution File, Format Version 12.00
# Visual Studio 2013
Project("{FAE04EC0-301F-11D3-BF4B-00C04F79EFBC}") = "SimpleAssetbundleloadFrame.CSharp", "SimpleAssetbundleloadFrame.CSharp.csproj", "{9C857CFC-079D-D218-8FFA-EFCC489F5A87}"
EndProject
Global
	GlobalSection(SolutionConfigurationPlatforms) = preSolution
		Debug|Any CPU = Debug|Any CPU
		Release|Any CPU = Release|Any CPU
	EndGlobalSection
	GlobalSection(ProjectConfigurationPlatforms) = postSolution
		{9C857CFC-079D-D218-8FFA-EFCC489F5A87}.Debug|Any CPU.ActiveCfg = Debug|Any CPU
		{9C857CFC-079D-D218-8FFA-EFCC489F5A87}.Debug|Any CPU.Build.0 = Debug|Any CPU
		{9C857CFC-079D-D218-8FFA-EFCC489F5A87}.Release|Any CPU.ActiveCfg = Release|Any CPU
		{9C857CFC-079D-D218-8FFA-EFCC489F5A87}.Release|Any CPU.Build.0 = Release|Any CPU
	EndGlobalSection
	GlobalSection(SolutionProperties) = preSolution
		HideSolutionNode = FALSE
	EndGlobalSection
EndGlobal
